
Microsoft Visual Studio Solution File, Format Version 12.00
# Visual Studio Version 17
VisualStudioVersion = 17.8.34309.116
MinimumVisualStudioVersion = 10.0.40219.1
Project("{FAE04EC0-301F-11D3-BF4B-00C04F79EFBC}") = "stockz-bucketz-api", "stockz-bucketz-api.csproj", "{B1690CDB-1A06-4FCE-AEB6-8D9DE5824482}"
EndProject
Global
	GlobalSection(SolutionConfigurationPlatforms) = preSolution
		Debug|Any CPU = Debug|Any CPU
		Release|Any CPU = Release|Any CPU
	EndGlobalSection
	GlobalSection(ProjectConfigurationPlatforms) = postSolution
		{B1690CDB-1A06-4FCE-AEB6-8D9DE5824482}.Debug|Any CPU.ActiveCfg = Debug|Any CPU
		{B1690CDB-1A06-4FCE-AEB6-8D9DE5824482}.Debug|Any CPU.Build.0 = Debug|Any CPU
		{B1690CDB-1A06-4FCE-AEB6-8D9DE5824482}.Release|Any CPU.ActiveCfg = Release|Any CPU
		{B1690CDB-1A06-4FCE-AEB6-8D9DE5824482}.Release|Any CPU.Build.0 = Release|Any CPU
	EndGlobalSection
	GlobalSection(SolutionProperties) = preSolution
		HideSolutionNode = FALSE
	EndGlobalSection
	GlobalSection(ExtensibilityGlobals) = postSolution
		SolutionGuid = {44E3C836-10E9-4436-B059-37022B751044}
	EndGlobalSection
EndGlobal
